
Microsoft Visual Studio Solution File, Format Version 12.00
# Visual Studio Version 17
VisualStudioVersion = 17.0.31903.59
MinimumVisualStudioVersion = 10.0.40219.1
Project("{FAE04EC0-301F-11D3-BF4B-00C04F79EFBC}") = "Bomolochus", "Bomolochus\Bomolochus.csproj", "{DB187288-0D65-4DC8-BCEF-FF84FF893F05}"
EndProject
Project("{FAE04EC0-301F-11D3-BF4B-00C04F79EFBC}") = "Bomolochus.Example.Tests", "Bomolochus.Example.Tests\Bomolochus.Example.Tests.csproj", "{CDA706C0-A441-4E50-8292-9889CCB9911C}"
EndProject
Project("{FAE04EC0-301F-11D3-BF4B-00C04F79EFBC}") = "Bomolochus.Api", "Bomolochus.Api\Bomolochus.Api.csproj", "{3E60AC1F-801A-4B2C-8085-9F1C26DC6205}"
EndProject
Project("{2150E333-8FDC-42A3-9474-1A3956D46DE8}") = "Server", "Server", "{C5BEC23F-D65B-4317-BF80-2212DE2511D2}"
EndProject
Project("{2150E333-8FDC-42A3-9474-1A3956D46DE8}") = "Language", "Language", "{71AA55CF-BC2C-4D99-AC59-47B1FC002EFA}"
EndProject
Project("{FAE04EC0-301F-11D3-BF4B-00C04F79EFBC}") = "Bomolochus.LanguageServer", "Bomolochus.LanguageServer\Bomolochus.LanguageServer.csproj", "{BCB682D3-FB92-4D07-9715-85EBF6D12B93}"
EndProject
Project("{FAE04EC0-301F-11D3-BF4B-00C04F79EFBC}") = "Bomolochus.Text", "Bomolochus.Text\Bomolochus.Text.csproj", "{85B8B9AC-4FCF-4813-BE7E-4B2F72ADF0FE}"
EndProject
Project("{FAE04EC0-301F-11D3-BF4B-00C04F79EFBC}") = "Bomolochus.Text.Tests", "Bomolochus.Text.Tests\Bomolochus.Text.Tests.csproj", "{A7DF9FEF-B645-4C14-B89B-F3869CFF65A4}"
EndProject
Project("{FAE04EC0-301F-11D3-BF4B-00C04F79EFBC}") = "Bomolochus.Example", "Bomolochus.Example\Bomolochus.Example.csproj", "{655280C6-EEEC-4801-91D9-5F7CBEDBE1CC}"
EndProject
Project("{2150E333-8FDC-42A3-9474-1A3956D46DE8}") = "Example", "Example", "{8E0985D6-8182-4285-BAC2-5BEE3BE34A31}"
EndProject
Project("{FAE04EC0-301F-11D3-BF4B-00C04F79EFBC}") = "Bomolochus.Runner", "Bomolochus.Runner\Bomolochus.Runner.csproj", "{BB64B13F-4F60-48D4-92D6-F00542820F82}"
EndProject
Global
	GlobalSection(SolutionConfigurationPlatforms) = preSolution
		Debug|Any CPU = Debug|Any CPU
		Release|Any CPU = Release|Any CPU
	EndGlobalSection
	GlobalSection(SolutionProperties) = preSolution
		HideSolutionNode = FALSE
	EndGlobalSection
	GlobalSection(ProjectConfigurationPlatforms) = postSolution
		{DB187288-0D65-4DC8-BCEF-FF84FF893F05}.Debug|Any CPU.ActiveCfg = Debug|Any CPU
		{DB187288-0D65-4DC8-BCEF-FF84FF893F05}.Debug|Any CPU.Build.0 = Debug|Any CPU
		{DB187288-0D65-4DC8-BCEF-FF84FF893F05}.Release|Any CPU.ActiveCfg = Release|Any CPU
		{DB187288-0D65-4DC8-BCEF-FF84FF893F05}.Release|Any CPU.Build.0 = Release|Any CPU
		{CDA706C0-A441-4E50-8292-9889CCB9911C}.Debug|Any CPU.ActiveCfg = Debug|Any CPU
		{CDA706C0-A441-4E50-8292-9889CCB9911C}.Debug|Any CPU.Build.0 = Debug|Any CPU
		{CDA706C0-A441-4E50-8292-9889CCB9911C}.Release|Any CPU.ActiveCfg = Release|Any CPU
		{CDA706C0-A441-4E50-8292-9889CCB9911C}.Release|Any CPU.Build.0 = Release|Any CPU
		{3E60AC1F-801A-4B2C-8085-9F1C26DC6205}.Debug|Any CPU.ActiveCfg = Debug|Any CPU
		{3E60AC1F-801A-4B2C-8085-9F1C26DC6205}.Debug|Any CPU.Build.0 = Debug|Any CPU
		{3E60AC1F-801A-4B2C-8085-9F1C26DC6205}.Release|Any CPU.ActiveCfg = Release|Any CPU
		{3E60AC1F-801A-4B2C-8085-9F1C26DC6205}.Release|Any CPU.Build.0 = Release|Any CPU
		{BCB682D3-FB92-4D07-9715-85EBF6D12B93}.Debug|Any CPU.ActiveCfg = Debug|Any CPU
		{BCB682D3-FB92-4D07-9715-85EBF6D12B93}.Debug|Any CPU.Build.0 = Debug|Any CPU
		{BCB682D3-FB92-4D07-9715-85EBF6D12B93}.Release|Any CPU.ActiveCfg = Release|Any CPU
		{BCB682D3-FB92-4D07-9715-85EBF6D12B93}.Release|Any CPU.Build.0 = Release|Any CPU
		{85B8B9AC-4FCF-4813-BE7E-4B2F72ADF0FE}.Debug|Any CPU.ActiveCfg = Debug|Any CPU
		{85B8B9AC-4FCF-4813-BE7E-4B2F72ADF0FE}.Debug|Any CPU.Build.0 = Debug|Any CPU
		{85B8B9AC-4FCF-4813-BE7E-4B2F72ADF0FE}.Release|Any CPU.ActiveCfg = Release|Any CPU
		{85B8B9AC-4FCF-4813-BE7E-4B2F72ADF0FE}.Release|Any CPU.Build.0 = Release|Any CPU
		{A7DF9FEF-B645-4C14-B89B-F3869CFF65A4}.Debug|Any CPU.ActiveCfg = Debug|Any CPU
		{A7DF9FEF-B645-4C14-B89B-F3869CFF65A4}.Debug|Any CPU.Build.0 = Debug|Any CPU
		{A7DF9FEF-B645-4C14-B89B-F3869CFF65A4}.Release|Any CPU.ActiveCfg = Release|Any CPU
		{A7DF9FEF-B645-4C14-B89B-F3869CFF65A4}.Release|Any CPU.Build.0 = Release|Any CPU
		{655280C6-EEEC-4801-91D9-5F7CBEDBE1CC}.Debug|Any CPU.ActiveCfg = Debug|Any CPU
		{655280C6-EEEC-4801-91D9-5F7CBEDBE1CC}.Debug|Any CPU.Build.0 = Debug|Any CPU
		{655280C6-EEEC-4801-91D9-5F7CBEDBE1CC}.Release|Any CPU.ActiveCfg = Release|Any CPU
		{655280C6-EEEC-4801-91D9-5F7CBEDBE1CC}.Release|Any CPU.Build.0 = Release|Any CPU
		{BB64B13F-4F60-48D4-92D6-F00542820F82}.Debug|Any CPU.ActiveCfg = Debug|Any CPU
		{BB64B13F-4F60-48D4-92D6-F00542820F82}.Debug|Any CPU.Build.0 = Debug|Any CPU
		{BB64B13F-4F60-48D4-92D6-F00542820F82}.Release|Any CPU.ActiveCfg = Release|Any CPU
		{BB64B13F-4F60-48D4-92D6-F00542820F82}.Release|Any CPU.Build.0 = Release|Any CPU
	EndGlobalSection
	GlobalSection(NestedProjects) = preSolution
		{3E60AC1F-801A-4B2C-8085-9F1C26DC6205} = {C5BEC23F-D65B-4317-BF80-2212DE2511D2}
		{DB187288-0D65-4DC8-BCEF-FF84FF893F05} = {71AA55CF-BC2C-4D99-AC59-47B1FC002EFA}
		{BCB682D3-FB92-4D07-9715-85EBF6D12B93} = {C5BEC23F-D65B-4317-BF80-2212DE2511D2}
		{85B8B9AC-4FCF-4813-BE7E-4B2F72ADF0FE} = {71AA55CF-BC2C-4D99-AC59-47B1FC002EFA}
		{A7DF9FEF-B645-4C14-B89B-F3869CFF65A4} = {71AA55CF-BC2C-4D99-AC59-47B1FC002EFA}
		{655280C6-EEEC-4801-91D9-5F7CBEDBE1CC} = {8E0985D6-8182-4285-BAC2-5BEE3BE34A31}
		{CDA706C0-A441-4E50-8292-9889CCB9911C} = {8E0985D6-8182-4285-BAC2-5BEE3BE34A31}
		{BB64B13F-4F60-48D4-92D6-F00542820F82} = {71AA55CF-BC2C-4D99-AC59-47B1FC002EFA}
	EndGlobalSection
EndGlobal
